// !$*UTF8*$!
{
	archiveVersion = 1;
	classes = {
	};
	objectVersion = 77;
	objects = {

/* Begin PBXBuildFile section */
		140D033E2EB819D0004F66E1 /* PrimaryButton.swift in Sources */ = {isa = PBXBuildFile; fileRef = 140D032E2EB819D0004F66E1 /* PrimaryButton.swift */; };
		140D033F2EB819D0004F66E1 /* BusinessInfo.swift in Sources */ = {isa = PBXBuildFile; fileRef = 140D03332EB819D0004F66E1 /* BusinessInfo.swift */; };
		140D03402EB819D0004F66E1 /* Extensions.swift in Sources */ = {isa = PBXBuildFile; fileRef = 140D033C2EB819D0004F66E1 /* Extensions.swift */; };
		140D03412EB819D0004F66E1 /* InvoiceListView.swift in Sources */ = {isa = PBXBuildFile; fileRef = 140D03302EB819D0004F66E1 /* InvoiceListView.swift */; };
		140D03422EB819D0004F66E1 /* Invoice.swift in Sources */ = {isa = PBXBuildFile; fileRef = 140D03352EB819D0004F66E1 /* Invoice.swift */; };
		140D03432EB819D0004F66E1 /* PersonInfo.swift in Sources */ = {isa = PBXBuildFile; fileRef = 140D03372EB819D0004F66E1 /* PersonInfo.swift */; };
		140D03442EB819D0004F66E1 /* Client.swift in Sources */ = {isa = PBXBuildFile; fileRef = 140D03342EB819D0004F66E1 /* Client.swift */; };
		140D03452EB819D0004F66E1 /* QuickInvoiceApp.swift in Sources */ = {isa = PBXBuildFile; fileRef = 140D033A2EB819D0004F66E1 /* QuickInvoiceApp.swift */; };
		140D03462EB819D0004F66E1 /* LineItem.swift in Sources */ = {isa = PBXBuildFile; fileRef = 140D03362EB819D0004F66E1 /* LineItem.swift */; };
		140D03472EB819D0004F66E1 /* ProfileView.swift in Sources */ = {isa = PBXBuildFile; fileRef = 140D03392EB819D0004F66E1 /* ProfileView.swift */; };
		140D03482EB819D0004F66E1 /* InvoiceListViewModel.swift in Sources */ = {isa = PBXBuildFile; fileRef = 140D03312EB819D0004F66E1 /* InvoiceListViewModel.swift */; };
		140D03492EB819D0004F66E1 /* Constants.swift in Sources */ = {isa = PBXBuildFile; fileRef = 140D033B2EB819D0004F66E1 /* Constants.swift */; };
		140D034A2EB819D0004F66E1 /* ContentView.swift in Sources */ = {isa = PBXBuildFile; fileRef = 140D032D2EB819D0004F66E1 /* ContentView.swift */; };
		140D034B2EB819D0004F66E1 /* Assets.xcassets in Resources */ = {isa = PBXBuildFile; fileRef = 140D032C2EB819D0004F66E1 /* Assets.xcassets */; };
/* End PBXBuildFile section */

/* Begin PBXContainerItemProxy section */
		147A8C2C2EAB2A5C00DF9744 /* PBXContainerItemProxy */ = {
			isa = PBXContainerItemProxy;
			containerPortal = 147A8C162EAB2A5B00DF9744 /* Project object */;
			proxyType = 1;
			remoteGlobalIDString = 147A8C1D2EAB2A5B00DF9744;
			remoteInfo = QuickInvoice;
		};
		147A8C362EAB2A5C00DF9744 /* PBXContainerItemProxy */ = {
			isa = PBXContainerItemProxy;
			containerPortal = 147A8C162EAB2A5B00DF9744 /* Project object */;
			proxyType = 1;
			remoteGlobalIDString = 147A8C1D2EAB2A5B00DF9744;
			remoteInfo = QuickInvoice;
		};
/* End PBXContainerItemProxy section */

/* Begin PBXFileReference section */
		140D032C2EB819D0004F66E1 /* Assets.xcassets */ = {isa = PBXFileReference; lastKnownFileType = folder.assetcatalog; path = Assets.xcassets; sourceTree = "<group>"; };
		140D032D2EB819D0004F66E1 /* ContentView.swift */ = {isa = PBXFileReference; lastKnownFileType = sourcecode.swift; path = ContentView.swift; sourceTree = "<group>"; };
		140D032E2EB819D0004F66E1 /* PrimaryButton.swift */ = {isa = PBXFileReference; lastKnownFileType = sourcecode.swift; path = PrimaryButton.swift; sourceTree = "<group>"; };
		140D03302EB819D0004F66E1 /* InvoiceListView.swift */ = {isa = PBXFileReference; lastKnownFileType = sourcecode.swift; path = InvoiceListView.swift; sourceTree = "<group>"; };
		140D03312EB819D0004F66E1 /* InvoiceListViewModel.swift */ = {isa = PBXFileReference; lastKnownFileType = sourcecode.swift; path = InvoiceListViewModel.swift; sourceTree = "<group>"; };
		140D03332EB819D0004F66E1 /* BusinessInfo.swift */ = {isa = PBXFileReference; lastKnownFileType = sourcecode.swift; path = BusinessInfo.swift; sourceTree = "<group>"; };
		140D03342EB819D0004F66E1 /* Client.swift */ = {isa = PBXFileReference; lastKnownFileType = sourcecode.swift; path = Client.swift; sourceTree = "<group>"; };
		140D03352EB819D0004F66E1 /* Invoice.swift */ = {isa = PBXFileReference; lastKnownFileType = sourcecode.swift; path = Invoice.swift; sourceTree = "<group>"; };
		140D03362EB819D0004F66E1 /* LineItem.swift */ = {isa = PBXFileReference; lastKnownFileType = sourcecode.swift; path = LineItem.swift; sourceTree = "<group>"; };
		140D03372EB819D0004F66E1 /* PersonInfo.swift */ = {isa = PBXFileReference; lastKnownFileType = sourcecode.swift; path = PersonInfo.swift; sourceTree = "<group>"; };
		140D03392EB819D0004F66E1 /* ProfileView.swift */ = {isa = PBXFileReference; lastKnownFileType = sourcecode.swift; path = ProfileView.swift; sourceTree = "<group>"; };
		140D033A2EB819D0004F66E1 /* QuickInvoiceApp.swift */ = {isa = PBXFileReference; lastKnownFileType = sourcecode.swift; path = QuickInvoiceApp.swift; sourceTree = "<group>"; };
		140D033B2EB819D0004F66E1 /* Constants.swift */ = {isa = PBXFileReference; lastKnownFileType = sourcecode.swift; path = Constants.swift; sourceTree = "<group>"; };
		140D033C2EB819D0004F66E1 /* Extensions.swift */ = {isa = PBXFileReference; lastKnownFileType = sourcecode.swift; path = Extensions.swift; sourceTree = "<group>"; };
		147A8C1E2EAB2A5B00DF9744 /* QuickInvoice.app */ = {isa = PBXFileReference; explicitFileType = wrapper.application; includeInIndex = 0; path = QuickInvoice.app; sourceTree = BUILT_PRODUCTS_DIR; };
		147A8C2B2EAB2A5C00DF9744 /* QuickInvoiceTests.xctest */ = {isa = PBXFileReference; explicitFileType = wrapper.cfbundle; includeInIndex = 0; path = QuickInvoiceTests.xctest; sourceTree = BUILT_PRODUCTS_DIR; };
		147A8C352EAB2A5C00DF9744 /* QuickInvoiceUITests.xctest */ = {isa = PBXFileReference; explicitFileType = wrapper.cfbundle; includeInIndex = 0; path = QuickInvoiceUITests.xctest; sourceTree = BUILT_PRODUCTS_DIR; };
/* End PBXFileReference section */

/* Begin PBXFrameworksBuildPhase section */
		147A8C1B2EAB2A5B00DF9744 /* Frameworks */ = {
			isa = PBXFrameworksBuildPhase;
			buildActionMask = 2147483647;
			files = (
			);
			runOnlyForDeploymentPostprocessing = 0;
		};
		147A8C282EAB2A5C00DF9744 /* Frameworks */ = {
			isa = PBXFrameworksBuildPhase;
			buildActionMask = 2147483647;
			files = (
			);
			runOnlyForDeploymentPostprocessing = 0;
		};
		147A8C322EAB2A5C00DF9744 /* Frameworks */ = {
			isa = PBXFrameworksBuildPhase;
			buildActionMask = 2147483647;
			files = (
			);
			runOnlyForDeploymentPostprocessing = 0;
		};
/* End PBXFrameworksBuildPhase section */

/* Begin PBXGroup section */
		140D032F2EB819D0004F66E1 /* Helpers */ = {
			isa = PBXGroup;
			children = (
				140D032E2EB819D0004F66E1 /* PrimaryButton.swift */,
			);
			path = Helpers;
			sourceTree = "<group>";
		};
		140D03322EB819D0004F66E1 /* Invoice */ = {
			isa = PBXGroup;
			children = (
				140D03302EB819D0004F66E1 /* InvoiceListView.swift */,
				140D03312EB819D0004F66E1 /* InvoiceListViewModel.swift */,
			);
			path = Invoice;
			sourceTree = "<group>";
		};
		140D03382EB819D0004F66E1 /* Models */ = {
			isa = PBXGroup;
			children = (
				140D03332EB819D0004F66E1 /* BusinessInfo.swift */,
				140D03342EB819D0004F66E1 /* Client.swift */,
				140D03352EB819D0004F66E1 /* Invoice.swift */,
				140D03362EB819D0004F66E1 /* LineItem.swift */,
				140D03372EB819D0004F66E1 /* PersonInfo.swift */,
			);
			path = Models;
			sourceTree = "<group>";
		};
		140D033D2EB819D0004F66E1 /* Utilities */ = {
			isa = PBXGroup;
			children = (
				140D033B2EB819D0004F66E1 /* Constants.swift */,
				140D033C2EB819D0004F66E1 /* Extensions.swift */,
			);
			path = Utilities;
			sourceTree = "<group>";
		};
		147A8C152EAB2A5B00DF9744 = {
			isa = PBXGroup;
			children = (
				140D032C2EB819D0004F66E1 /* Assets.xcassets */,
				140D032D2EB819D0004F66E1 /* ContentView.swift */,
				140D032F2EB819D0004F66E1 /* Helpers */,
				140D03322EB819D0004F66E1 /* Invoice */,
				140D03382EB819D0004F66E1 /* Models */,
				140D03392EB819D0004F66E1 /* ProfileView.swift */,
				140D033A2EB819D0004F66E1 /* QuickInvoiceApp.swift */,
				140D033D2EB819D0004F66E1 /* Utilities */,
				147A8C1F2EAB2A5B00DF9744 /* Products */,
			);
			sourceTree = "<group>";
		};
		147A8C1F2EAB2A5B00DF9744 /* Products */ = {
			isa = PBXGroup;
			children = (
				147A8C1E2EAB2A5B00DF9744 /* QuickInvoice.app */,
				147A8C2B2EAB2A5C00DF9744 /* QuickInvoiceTests.xctest */,
				147A8C352EAB2A5C00DF9744 /* QuickInvoiceUITests.xctest */,
			);
			name = Products;
			sourceTree = "<group>";
		};
/* End PBXGroup section */

/* Begin PBXNativeTarget section */
		147A8C1D2EAB2A5B00DF9744 /* QuickInvoice */ = {
			isa = PBXNativeTarget;
			buildConfigurationList = 147A8C3F2EAB2A5C00DF9744 /* Build configuration list for PBXNativeTarget "QuickInvoice" */;
			buildPhases = (
				147A8C1A2EAB2A5B00DF9744 /* Sources */,
				147A8C1B2EAB2A5B00DF9744 /* Frameworks */,
				147A8C1C2EAB2A5B00DF9744 /* Resources */,
			);
			buildRules = (
			);
			dependencies = (
			);
			name = QuickInvoice;
			packageProductDependencies = (
			);
			productName = QuickInvoice;
			productReference = 147A8C1E2EAB2A5B00DF9744 /* QuickInvoice.app */;
			productType = "com.apple.product-type.application";
		};
		147A8C2A2EAB2A5C00DF9744 /* QuickInvoiceTests */ = {
			isa = PBXNativeTarget;
			buildConfigurationList = 147A8C422EAB2A5C00DF9744 /* Build configuration list for PBXNativeTarget "QuickInvoiceTests" */;
			buildPhases = (
				147A8C272EAB2A5C00DF9744 /* Sources */,
				147A8C282EAB2A5C00DF9744 /* Frameworks */,
				147A8C292EAB2A5C00DF9744 /* Resources */,
			);
			buildRules = (
			);
			dependencies = (
				147A8C2D2EAB2A5C00DF9744 /* PBXTargetDependency */,
			);
			name = QuickInvoiceTests;
			packageProductDependencies = (
			);
			productName = QuickInvoiceTests;
			productReference = 147A8C2B2EAB2A5C00DF9744 /* QuickInvoiceTests.xctest */;
			productType = "com.apple.product-type.bundle.unit-test";
		};
		147A8C342EAB2A5C00DF9744 /* QuickInvoiceUITests */ = {
			isa = PBXNativeTarget;
			buildConfigurationList = 147A8C452EAB2A5C00DF9744 /* Build configuration list for PBXNativeTarget "QuickInvoiceUITests" */;
			buildPhases = (
				147A8C312EAB2A5C00DF9744 /* Sources */,
				147A8C322EAB2A5C00DF9744 /* Frameworks */,
				147A8C332EAB2A5C00DF9744 /* Resources */,
			);
			buildRules = (
			);
			dependencies = (
				147A8C372EAB2A5C00DF9744 /* PBXTargetDependency */,
			);
			name = QuickInvoiceUITests;
			packageProductDependencies = (
			);
			productName = QuickInvoiceUITests;
			productReference = 147A8C352EAB2A5C00DF9744 /* QuickInvoiceUITests.xctest */;
			productType = "com.apple.product-type.bundle.ui-testing";
		};
/* End PBXNativeTarget section */

/* Begin PBXProject section */
		147A8C162EAB2A5B00DF9744 /* Project object */ = {
			isa = PBXProject;
			attributes = {
				BuildIndependentTargetsInParallel = 1;
				LastSwiftUpdateCheck = 1640;
				LastUpgradeCheck = 1640;
				TargetAttributes = {
					147A8C1D2EAB2A5B00DF9744 = {
						CreatedOnToolsVersion = 16.4;
					};
					147A8C2A2EAB2A5C00DF9744 = {
						CreatedOnToolsVersion = 16.4;
						TestTargetID = 147A8C1D2EAB2A5B00DF9744;
					};
					147A8C342EAB2A5C00DF9744 = {
						CreatedOnToolsVersion = 16.4;
						TestTargetID = 147A8C1D2EAB2A5B00DF9744;
					};
				};
			};
			buildConfigurationList = 147A8C192EAB2A5B00DF9744 /* Build configuration list for PBXProject "QuickInvoice" */;
			developmentRegion = en;
			hasScannedForEncodings = 0;
			knownRegions = (
				en,
				Base,
			);
			mainGroup = 147A8C152EAB2A5B00DF9744;
			minimizedProjectReferenceProxies = 1;
			preferredProjectObjectVersion = 77;
			productRefGroup = 147A8C1F2EAB2A5B00DF9744 /* Products */;
			projectDirPath = "";
			projectRoot = "";
			targets = (
				147A8C1D2EAB2A5B00DF9744 /* QuickInvoice */,
				147A8C2A2EAB2A5C00DF9744 /* QuickInvoiceTests */,
				147A8C342EAB2A5C00DF9744 /* QuickInvoiceUITests */,
			);
		};
/* End PBXProject section */

/* Begin PBXResourcesBuildPhase section */
		147A8C1C2EAB2A5B00DF9744 /* Resources */ = {
			isa = PBXResourcesBuildPhase;
			buildActionMask = 2147483647;
			files = (
				140D034B2EB819D0004F66E1 /* Assets.xcassets in Resources */,
			);
			runOnlyForDeploymentPostprocessing = 0;
		};
		147A8C292EAB2A5C00DF9744 /* Resources */ = {
			isa = PBXResourcesBuildPhase;
			buildActionMask = 2147483647;
			files = (
			);
			runOnlyForDeploymentPostprocessing = 0;
		};
		147A8C332EAB2A5C00DF9744 /* Resources */ = {
			isa = PBXResourcesBuildPhase;
			buildActionMask = 2147483647;
			files = (
			);
			runOnlyForDeploymentPostprocessing = 0;
		};
/* End PBXResourcesBuildPhase section */

/* Begin PBXSourcesBuildPhase section */
		147A8C1A2EAB2A5B00DF9744 /* Sources */ = {
			isa = PBXSourcesBuildPhase;
			buildActionMask = 2147483647;
			files = (
				140D033E2EB819D0004F66E1 /* PrimaryButton.swift in Sources */,
				140D033F2EB819D0004F66E1 /* BusinessInfo.swift in Sources */,
				140D03402EB819D0004F66E1 /* Extensions.swift in Sources */,
				140D03412EB819D0004F66E1 /* InvoiceListView.swift in Sources */,
				140D03422EB819D0004F66E1 /* Invoice.swift in Sources */,
				140D03432EB819D0004F66E1 /* PersonInfo.swift in Sources */,
				140D03442EB819D0004F66E1 /* Client.swift in Sources */,
				140D03452EB819D0004F66E1 /* QuickInvoiceApp.swift in Sources */,
				140D03462EB819D0004F66E1 /* LineItem.swift in Sources */,
				140D03472EB819D0004F66E1 /* ProfileView.swift in Sources */,
				140D03482EB819D0004F66E1 /* InvoiceListViewModel.swift in Sources */,
				140D03492EB819D0004F66E1 /* Constants.swift in Sources */,
				140D034A2EB819D0004F66E1 /* ContentView.swift in Sources */,
			);
			runOnlyForDeploymentPostprocessing = 0;
		};
		147A8C272EAB2A5C00DF9744 /* Sources */ = {
			isa = PBXSourcesBuildPhase;
			buildActionMask = 2147483647;
			files = (
			);
			runOnlyForDeploymentPostprocessing = 0;
		};
		147A8C312EAB2A5C00DF9744 /* Sources */ = {
			isa = PBXSourcesBuildPhase;
			buildActionMask = 2147483647;
			files = (
			);
			runOnlyForDeploymentPostprocessing = 0;
		};
/* End PBXSourcesBuildPhase section */

/* Begin PBXTargetDependency section */
		147A8C2D2EAB2A5C00DF9744 /* PBXTargetDependency */ = {
			isa = PBXTargetDependency;
			target = 147A8C1D2EAB2A5B00DF9744 /* QuickInvoice */;
			targetProxy = 147A8C2C2EAB2A5C00DF9744 /* PBXContainerItemProxy */;
		};
		147A8C372EAB2A5C00DF9744 /* PBXTargetDependency */ = {
			isa = PBXTargetDependency;
			target = 147A8C1D2EAB2A5B00DF9744 /* QuickInvoice */;
			targetProxy = 147A8C362EAB2A5C00DF9744 /* PBXContainerItemProxy */;
		};
/* End PBXTargetDependency section */

/* Begin XCBuildConfiguration section */
		147A8C3D2EAB2A5C00DF9744 /* Debug */ = {
			isa = XCBuildConfiguration;
			buildSettings = {
				ALWAYS_SEARCH_USER_PATHS = NO;
				ASSETCATALOG_COMPILER_GENERATE_SWIFT_ASSET_SYMBOL_EXTENSIONS = YES;
				CLANG_ANALYZER_NONNULL = YES;
				CLANG_ANALYZER_NUMBER_OBJECT_CONVERSION = YES_AGGRESSIVE;
				CLANG_CXX_LANGUAGE_STANDARD = "gnu++20";
				CLANG_ENABLE_MODULES = YES;
				CLANG_ENABLE_OBJC_ARC = YES;
				CLANG_ENABLE_OBJC_WEAK = YES;
				CLANG_WARN_BLOCK_CAPTURE_AUTORELEASING = YES;
				CLANG_WARN_BOOL_CONVERSION = YES;
				CLANG_WARN_COMMA = YES;
				CLANG_WARN_CONSTANT_CONVERSION = YES;
				CLANG_WARN_DEPRECATED_OBJC_IMPLEMENTATIONS = YES;
				CLANG_WARN_DIRECT_OBJC_ISA_USAGE = YES_ERROR;
				CLANG_WARN_DOCUMENTATION_COMMENTS = YES;
				CLANG_WARN_EMPTY_BODY = YES;
				CLANG_WARN_ENUM_CONVERSION = YES;
				CLANG_WARN_INFINITE_RECURSION = YES;
				CLANG_WARN_INT_CONVERSION = YES;
				CLANG_WARN_NON_LITERAL_NULL_CONVERSION = YES;
				CLANG_WARN_OBJC_IMPLICIT_RETAIN_SELF = YES;
				CLANG_WARN_OBJC_LITERAL_CONVERSION = YES;
				CLANG_WARN_OBJC_ROOT_CLASS = YES_ERROR;
				CLANG_WARN_QUOTED_INCLUDE_IN_FRAMEWORK_HEADER = YES;
				CLANG_WARN_RANGE_LOOP_ANALYSIS = YES;
				CLANG_WARN_STRICT_PROTOTYPES = YES;
				CLANG_WARN_SUSPICIOUS_MOVE = YES;
				CLANG_WARN_UNGUARDED_AVAILABILITY = YES_AGGRESSIVE;
				CLANG_WARN_UNREACHABLE_CODE = YES;
				CLANG_WARN__DUPLICATE_METHOD_MATCH = YES;
				COPY_PHASE_STRIP = NO;
				DEBUG_INFORMATION_FORMAT = dwarf;
				ENABLE_STRICT_OBJC_MSGSEND = YES;
				ENABLE_TESTABILITY = YES;
				ENABLE_USER_SCRIPT_SANDBOXING = YES;
				GCC_C_LANGUAGE_STANDARD = gnu17;
				GCC_DYNAMIC_NO_PIC = NO;
				GCC_NO_COMMON_BLOCKS = YES;
				GCC_OPTIMIZATION_LEVEL = 0;
				GCC_PREPROCESSOR_DEFINITIONS = (
					"DEBUG=1",
					"$(inherited)",
				);
				GCC_WARN_64_TO_32_BIT_CONVERSION = YES;
				GCC_WARN_ABOUT_RETURN_TYPE = YES_ERROR;
				GCC_WARN_UNDECLARED_SELECTOR = YES;
				GCC_WARN_UNINITIALIZED_AUTOS = YES_AGGRESSIVE;
				GCC_WARN_UNUSED_FUNCTION = YES;
				GCC_WARN_UNUSED_VARIABLE = YES;
				IPHONEOS_DEPLOYMENT_TARGET = 18.5;
				LOCALIZATION_PREFERS_STRING_CATALOGS = YES;
				MTL_ENABLE_DEBUG_INFO = INCLUDE_SOURCE;
				MTL_FAST_MATH = YES;
				ONLY_ACTIVE_ARCH = YES;
				SDKROOT = iphoneos;
				SWIFT_ACTIVE_COMPILATION_CONDITIONS = "DEBUG $(inherited)";
				SWIFT_OPTIMIZATION_LEVEL = "-Onone";
			};
			name = Debug;
		};
		147A8C3E2EAB2A5C00DF9744 /* Release */ = {
			isa = XCBuildConfiguration;
			buildSettings = {
				ALWAYS_SEARCH_USER_PATHS = NO;
				ASSETCATALOG_COMPILER_GENERATE_SWIFT_ASSET_SYMBOL_EXTENSIONS = YES;
				CLANG_ANALYZER_NONNULL = YES;
				CLANG_ANALYZER_NUMBER_OBJECT_CONVERSION = YES_AGGRESSIVE;
				CLANG_CXX_LANGUAGE_STANDARD = "gnu++20";
				CLANG_ENABLE_MODULES = YES;
				CLANG_ENABLE_OBJC_ARC = YES;
				CLANG_ENABLE_OBJC_WEAK = YES;
				CLANG_WARN_BLOCK_CAPTURE_AUTORELEASING = YES;
				CLANG_WARN_BOOL_CONVERSION = YES;
				CLANG_WARN_COMMA = YES;
				CLANG_WARN_CONSTANT_CONVERSION = YES;
				CLANG_WARN_DEPRECATED_OBJC_IMPLEMENTATIONS = YES;
				CLANG_WARN_DIRECT_OBJC_ISA_USAGE = YES_ERROR;
				CLANG_WARN_DOCUMENTATION_COMMENTS = YES;
				CLANG_WARN_EMPTY_BODY = YES;
				CLANG_WARN_ENUM_CONVERSION = YES;
				CLANG_WARN_INFINITE_RECURSION = YES;
				CLANG_WARN_INT_CONVERSION = YES;
				CLANG_WARN_NON_LITERAL_NULL_CONVERSION = YES;
				CLANG_WARN_OBJC_IMPLICIT_RETAIN_SELF = YES;
				CLANG_WARN_OBJC_LITERAL_CONVERSION = YES;
				CLANG_WARN_OBJC_ROOT_CLASS = YES_ERROR;
				CLANG_WARN_QUOTED_INCLUDE_IN_FRAMEWORK_HEADER = YES;
				CLANG_WARN_RANGE_LOOP_ANALYSIS = YES;
				CLANG_WARN_STRICT_PROTOTYPES = YES;
				CLANG_WARN_SUSPICIOUS_MOVE = YES;
				CLANG_WARN_UNGUARDED_AVAILABILITY = YES_AGGRESSIVE;
				CLANG_WARN_UNREACHABLE_CODE = YES;
				CLANG_WARN__DUPLICATE_METHOD_MATCH = YES;
				COPY_PHASE_STRIP = NO;
				DEBUG_INFORMATION_FORMAT = "dwarf-with-dsym";
				ENABLE_NS_ASSERTIONS = NO;
				ENABLE_STRICT_OBJC_MSGSEND = YES;
				ENABLE_USER_SCRIPT_SANDBOXING = YES;
				GCC_C_LANGUAGE_STANDARD = gnu17;
				GCC_NO_COMMON_BLOCKS = YES;
				GCC_WARN_64_TO_32_BIT_CONVERSION = YES;
				GCC_WARN_ABOUT_RETURN_TYPE = YES_ERROR;
				GCC_WARN_UNDECLARED_SELECTOR = YES;
				GCC_WARN_UNINITIALIZED_AUTOS = YES_AGGRESSIVE;
				GCC_WARN_UNUSED_FUNCTION = YES;
				GCC_WARN_UNUSED_VARIABLE = YES;
				IPHONEOS_DEPLOYMENT_TARGET = 18.5;
				LOCALIZATION_PREFERS_STRING_CATALOGS = YES;
				MTL_ENABLE_DEBUG_INFO = NO;
				MTL_FAST_MATH = YES;
				SDKROOT = iphoneos;
				SWIFT_COMPILATION_MODE = wholemodule;
				VALIDATE_PRODUCT = YES;
			};
			name = Release;
		};
		147A8C402EAB2A5C00DF9744 /* Debug */ = {
			isa = XCBuildConfiguration;
			buildSettings = {
				ASSETCATALOG_COMPILER_APPICON_NAME = AppIcon;
				ASSETCATALOG_COMPILER_GLOBAL_ACCENT_COLOR_NAME = AccentColor;
				CODE_SIGN_STYLE = Automatic;
				CURRENT_PROJECT_VERSION = 1;
				ENABLE_PREVIEWS = YES;
				GENERATE_INFOPLIST_FILE = YES;
				INFOPLIST_KEY_UIApplicationSceneManifest_Generation = YES;
				INFOPLIST_KEY_UIApplicationSupportsIndirectInputEvents = YES;
				INFOPLIST_KEY_UILaunchScreen_Generation = YES;
				INFOPLIST_KEY_UISupportedInterfaceOrientations_iPad = "UIInterfaceOrientationPortrait UIInterfaceOrientationPortraitUpsideDown UIInterfaceOrientationLandscapeLeft UIInterfaceOrientationLandscapeRight";
				INFOPLIST_KEY_UISupportedInterfaceOrientations_iPhone = "UIInterfaceOrientationPortrait UIInterfaceOrientationLandscapeLeft UIInterfaceOrientationLandscapeRight";
				IPHONEOS_DEPLOYMENT_TARGET = 18.0;
				LD_RUNPATH_SEARCH_PATHS = (
					"$(inherited)",
					"@executable_path/Frameworks",
				);
				MARKETING_VERSION = 1.0;
				PRODUCT_BUNDLE_IDENTIFIER = com.cpsc411.QuickInvoice;
				PRODUCT_NAME = "$(TARGET_NAME)";
				SWIFT_EMIT_LOC_STRINGS = YES;
				SWIFT_VERSION = 5.0;
				TARGETED_DEVICE_FAMILY = "1,2";
			};
			name = Debug;
		};
		147A8C412EAB2A5C00DF9744 /* Release */ = {
			isa = XCBuildConfiguration;
			buildSettings = {
				ASSETCATALOG_COMPILER_APPICON_NAME = AppIcon;
				ASSETCATALOG_COMPILER_GLOBAL_ACCENT_COLOR_NAME = AccentColor;
				CODE_SIGN_STYLE = Automatic;
				CURRENT_PROJECT_VERSION = 1;
				ENABLE_PREVIEWS = YES;
				GENERATE_INFOPLIST_FILE = YES;
				INFOPLIST_KEY_UIApplicationSceneManifest_Generation = YES;
				INFOPLIST_KEY_UIApplicationSupportsIndirectInputEvents = YES;
				INFOPLIST_KEY_UILaunchScreen_Generation = YES;
				INFOPLIST_KEY_UISupportedInterfaceOrientations_iPad = "UIInterfaceOrientationPortrait UIInterfaceOrientationPortraitUpsideDown UIInterfaceOrientationLandscapeLeft UIInterfaceOrientationLandscapeRight";
				INFOPLIST_KEY_UISupportedInterfaceOrientations_iPhone = "UIInterfaceOrientationPortrait UIInterfaceOrientationLandscapeLeft UIInterfaceOrientationLandscapeRight";
				IPHONEOS_DEPLOYMENT_TARGET = 18.0;
				LD_RUNPATH_SEARCH_PATHS = (
					"$(inherited)",
					"@executable_path/Frameworks",
				);
				MARKETING_VERSION = 1.0;
				PRODUCT_BUNDLE_IDENTIFIER = com.cpsc411.QuickInvoice;
				PRODUCT_NAME = "$(TARGET_NAME)";
				SWIFT_EMIT_LOC_STRINGS = YES;
				SWIFT_VERSION = 5.0;
				TARGETED_DEVICE_FAMILY = "1,2";
			};
			name = Release;
		};
		147A8C432EAB2A5C00DF9744 /* Debug */ = {
			isa = XCBuildConfiguration;
			buildSettings = {
				BUNDLE_LOADER = "$(TEST_HOST)";
				CODE_SIGN_STYLE = Automatic;
				CURRENT_PROJECT_VERSION = 1;
				GENERATE_INFOPLIST_FILE = YES;
				IPHONEOS_DEPLOYMENT_TARGET = 18.5;
				MARKETING_VERSION = 1.0;
				PRODUCT_BUNDLE_IDENTIFIER = com.cpsc411.QuickInvoiceTests;
				PRODUCT_NAME = "$(TARGET_NAME)";
				SWIFT_EMIT_LOC_STRINGS = NO;
				SWIFT_VERSION = 5.0;
				TARGETED_DEVICE_FAMILY = "1,2";
				TEST_HOST = "$(BUILT_PRODUCTS_DIR)/QuickInvoice.app/$(BUNDLE_EXECUTABLE_FOLDER_PATH)/QuickInvoice";
			};
			name = Debug;
		};
		147A8C442EAB2A5C00DF9744 /* Release */ = {
			isa = XCBuildConfiguration;
			buildSettings = {
				BUNDLE_LOADER = "$(TEST_HOST)";
				CODE_SIGN_STYLE = Automatic;
				CURRENT_PROJECT_VERSION = 1;
				GENERATE_INFOPLIST_FILE = YES;
				IPHONEOS_DEPLOYMENT_TARGET = 18.5;
				MARKETING_VERSION = 1.0;
				PRODUCT_BUNDLE_IDENTIFIER = com.cpsc411.QuickInvoiceTests;
				PRODUCT_NAME = "$(TARGET_NAME)";
				SWIFT_EMIT_LOC_STRINGS = NO;
				SWIFT_VERSION = 5.0;
				TARGETED_DEVICE_FAMILY = "1,2";
				TEST_HOST = "$(BUILT_PRODUCTS_DIR)/QuickInvoice.app/$(BUNDLE_EXECUTABLE_FOLDER_PATH)/QuickInvoice";
			};
			name = Release;
		};
		147A8C462EAB2A5C00DF9744 /* Debug */ = {
			isa = XCBuildConfiguration;
			buildSettings = {
				CODE_SIGN_STYLE = Automatic;
				CURRENT_PROJECT_VERSION = 1;
				GENERATE_INFOPLIST_FILE = YES;
				MARKETING_VERSION = 1.0;
				PRODUCT_BUNDLE_IDENTIFIER = com.cpsc411.QuickInvoiceUITests;
				PRODUCT_NAME = "$(TARGET_NAME)";
				SWIFT_EMIT_LOC_STRINGS = NO;
				SWIFT_VERSION = 5.0;
				TARGETED_DEVICE_FAMILY = "1,2";
				TEST_TARGET_NAME = QuickInvoice;
			};
			name = Debug;
		};
		147A8C472EAB2A5C00DF9744 /* Release */ = {
			isa = XCBuildConfiguration;
			buildSettings = {
				CODE_SIGN_STYLE = Automatic;
				CURRENT_PROJECT_VERSION = 1;
				GENERATE_INFOPLIST_FILE = YES;
				MARKETING_VERSION = 1.0;
				PRODUCT_BUNDLE_IDENTIFIER = com.cpsc411.QuickInvoiceUITests;
				PRODUCT_NAME = "$(TARGET_NAME)";
				SWIFT_EMIT_LOC_STRINGS = NO;
				SWIFT_VERSION = 5.0;
				TARGETED_DEVICE_FAMILY = "1,2";
				TEST_TARGET_NAME = QuickInvoice;
			};
			name = Release;
		};
/* End XCBuildConfiguration section */

/* Begin XCConfigurationList section */
		147A8C192EAB2A5B00DF9744 /* Build configuration list for PBXProject "QuickInvoice" */ = {
			isa = XCConfigurationList;
			buildConfigurations = (
				147A8C3D2EAB2A5C00DF9744 /* Debug */,
				147A8C3E2EAB2A5C00DF9744 /* Release */,
			);
			defaultConfigurationIsVisible = 0;
			defaultConfigurationName = Release;
		};
		147A8C3F2EAB2A5C00DF9744 /* Build configuration list for PBXNativeTarget "QuickInvoice" */ = {
			isa = XCConfigurationList;
			buildConfigurations = (
				147A8C402EAB2A5C00DF9744 /* Debug */,
				147A8C412EAB2A5C00DF9744 /* Release */,
			);
			defaultConfigurationIsVisible = 0;
			defaultConfigurationName = Release;
		};
		147A8C422EAB2A5C00DF9744 /* Build configuration list for PBXNativeTarget "QuickInvoiceTests" */ = {
			isa = XCConfigurationList;
			buildConfigurations = (
				147A8C432EAB2A5C00DF9744 /* Debug */,
				147A8C442EAB2A5C00DF9744 /* Release */,
			);
			defaultConfigurationIsVisible = 0;
			defaultConfigurationName = Release;
		};
		147A8C452EAB2A5C00DF9744 /* Build configuration list for PBXNativeTarget "QuickInvoiceUITests" */ = {
			isa = XCConfigurationList;
			buildConfigurations = (
				147A8C462EAB2A5C00DF9744 /* Debug */,
				147A8C472EAB2A5C00DF9744 /* Release */,
			);
			defaultConfigurationIsVisible = 0;
			defaultConfigurationName = Release;
		};
/* End XCConfigurationList section */
	};
	rootObject = 147A8C162EAB2A5B00DF9744 /* Project object */;
}
